github.com/eugenetriguba/checkmate v0.3.2 h1:vcALwpLLpt0FBxckjuobNFYtBLtlCT2p55Xk4p0SAhk=
github.com/eugenetriguba/checkmate v0.3.2/go.mod h1:IY38Cl4zlNI1dg+wcDYwrbWZfJ9i2/ouWf8C0N8c/do=
github.com/google/go-cmp v0.6.0 h1:ofyhxvXcZhMsU5ulbFiLKl/XBFqE1GSq7atu8tAmTRI=
github.com/google/go-cmp v0.6.0/go.mod h1:17dUlkBOakJ0+DkrSSNjCkIjxS6bF9zb3elmeNGIjoY=
